
Microsoft Visual Studio Solution File, Format Version 12.00
# Visual Studio Version 16
VisualStudioVersion = 16.0.31729.503
MinimumVisualStudioVersion = 10.0.40219.1
Project("{9A19103F-16F7-4668-BE54-9A1E7A4F7556}") = "xFormatWith", "xFormatWith\xFormatWith.csproj", "{10319109-6696-4FD9-A7B6-E173488428E7}"
EndProject
Project("{9A19103F-16F7-4668-BE54-9A1E7A4F7556}") = "xFormatWithTests", "xFormatWithTests\xFormatWithTests.csproj", "{9F89FE57-A65B-41BA-8909-D2148FD9C905}"
EndProject
Project("{9A19103F-16F7-4668-BE54-9A1E7A4F7556}") = "xFormatWithTests.Shared", "xFormatWithTests.Shared\xFormatWithTests.Shared.csproj", "{F7F0BC38-9EC9-42F9-9C0C-3FA91091E08D}"
EndProject
Global
	GlobalSection(SolutionConfigurationPlatforms) = preSolution
		Debug|Any CPU = Debug|Any CPU
		Release|Any CPU = Release|Any CPU
	EndGlobalSection
	GlobalSection(ProjectConfigurationPlatforms) = postSolution
		{10319109-6696-4FD9-A7B6-E173488428E7}.Debug|Any CPU.ActiveCfg = Debug|Any CPU
		{10319109-6696-4FD9-A7B6-E173488428E7}.Debug|Any CPU.Build.0 = Debug|Any CPU
		{10319109-6696-4FD9-A7B6-E173488428E7}.Release|Any CPU.ActiveCfg = Release|Any CPU
		{10319109-6696-4FD9-A7B6-E173488428E7}.Release|Any CPU.Build.0 = Release|Any CPU
		{9F89FE57-A65B-41BA-8909-D2148FD9C905}.Debug|Any CPU.ActiveCfg = Debug|Any CPU
		{9F89FE57-A65B-41BA-8909-D2148FD9C905}.Debug|Any CPU.Build.0 = Debug|Any CPU
		{9F89FE57-A65B-41BA-8909-D2148FD9C905}.Release|Any CPU.ActiveCfg = Release|Any CPU
		{9F89FE57-A65B-41BA-8909-D2148FD9C905}.Release|Any CPU.Build.0 = Release|Any CPU
		{F7F0BC38-9EC9-42F9-9C0C-3FA91091E08D}.Debug|Any CPU.ActiveCfg = Debug|Any CPU
		{F7F0BC38-9EC9-42F9-9C0C-3FA91091E08D}.Debug|Any CPU.Build.0 = Debug|Any CPU
		{F7F0BC38-9EC9-42F9-9C0C-3FA91091E08D}.Release|Any CPU.ActiveCfg = Release|Any CPU
		{F7F0BC38-9EC9-42F9-9C0C-3FA91091E08D}.Release|Any CPU.Build.0 = Release|Any CPU
	EndGlobalSection
	GlobalSection(SolutionProperties) = preSolution
		HideSolutionNode = FALSE
	EndGlobalSection
	GlobalSection(ExtensibilityGlobals) = postSolution
		SolutionGuid = {2CBA0E2F-B8D0-4241-A399-9AB3AAE11B7E}
	EndGlobalSection
EndGlobal
